
Microsoft Visual Studio Solution File, Format Version 12.00
# Visual Studio 15
VisualStudioVersion = 15.0.28307.1022
MinimumVisualStudioVersion = 10.0.40219.1
Project("{9A19103F-16F7-4668-BE54-9A1E7A4F7556}") = "User_API", "User-API\User_API.csproj", "{8974BD8C-CB57-4446-B13E-0E856962523E}"
EndProject
Global
	GlobalSection(SolutionConfigurationPlatforms) = preSolution
		Debug|Any CPU = Debug|Any CPU
		Release|Any CPU = Release|Any CPU
	EndGlobalSection
	GlobalSection(ProjectConfigurationPlatforms) = postSolution
		{8974BD8C-CB57-4446-B13E-0E856962523E}.Debug|Any CPU.ActiveCfg = Debug|Any CPU
		{8974BD8C-CB57-4446-B13E-0E856962523E}.Debug|Any CPU.Build.0 = Debug|Any CPU
		{8974BD8C-CB57-4446-B13E-0E856962523E}.Release|Any CPU.ActiveCfg = Release|Any CPU
		{8974BD8C-CB57-4446-B13E-0E856962523E}.Release|Any CPU.Build.0 = Release|Any CPU
	EndGlobalSection
	GlobalSection(SolutionProperties) = preSolution
		HideSolutionNode = FALSE
	EndGlobalSection
	GlobalSection(ExtensibilityGlobals) = postSolution
		SolutionGuid = {66165097-5D37-458A-A551-4A0B9556D8B5}
	EndGlobalSection
EndGlobal
